
Microsoft Visual Studio Solution File, Format Version 12.00
# Visual Studio Version 16
VisualStudioVersion = 16.0.31424.327
MinimumVisualStudioVersion = 10.0.40219.1
Project("{FAE04EC0-301F-11D3-BF4B-00C04F79EFBC}") = "BETSI", "BETSI\BETSI.csproj", "{92B2BBDD-EBCD-41C7-9775-A3D4C9614756}"
EndProject
Global
	GlobalSection(SolutionConfigurationPlatforms) = preSolution
		Debug|Any CPU = Debug|Any CPU
		Release|Any CPU = Release|Any CPU
	EndGlobalSection
	GlobalSection(ProjectConfigurationPlatforms) = postSolution
		{92B2BBDD-EBCD-41C7-9775-A3D4C9614756}.Debug|Any CPU.ActiveCfg = Debug|Any CPU
		{92B2BBDD-EBCD-41C7-9775-A3D4C9614756}.Debug|Any CPU.Build.0 = Debug|Any CPU
		{92B2BBDD-EBCD-41C7-9775-A3D4C9614756}.Release|Any CPU.ActiveCfg = Release|Any CPU
		{92B2BBDD-EBCD-41C7-9775-A3D4C9614756}.Release|Any CPU.Build.0 = Release|Any CPU
	EndGlobalSection
	GlobalSection(SolutionProperties) = preSolution
		HideSolutionNode = FALSE
	EndGlobalSection
	GlobalSection(ExtensibilityGlobals) = postSolution
		SolutionGuid = {99AC1376-6E7E-403A-8ABD-EFF0A7FB6735}
	EndGlobalSection
EndGlobal
